
Microsoft Visual Studio Solution File, Format Version 12.00
# Visual Studio Version 17
VisualStudioVersion = 17.13.36105.23
MinimumVisualStudioVersion = 10.0.40219.1
Project("{FAE04EC0-301F-11D3-BF4B-00C04F79EFBC}") = "AutoClick", "AutoClick\AutoClick.csproj", "{3A68BB92-6E21-4116-A1EE-B819662357FB}"
EndProject
Project("{FAE04EC0-301F-11D3-BF4B-00C04F79EFBC}") = "AutoMove", "AutoMove\AutoMove.csproj", "{99E8BB0B-A38F-44BE-9E2B-983FB0B611AF}"
EndProject
Global
	GlobalSection(SolutionConfigurationPlatforms) = preSolution
		Debug|Any CPU = Debug|Any CPU
		Release|Any CPU = Release|Any CPU
	EndGlobalSection
	GlobalSection(ProjectConfigurationPlatforms) = postSolution
		{3A68BB92-6E21-4116-A1EE-B819662357FB}.Debug|Any CPU.ActiveCfg = Debug|Any CPU
		{3A68BB92-6E21-4116-A1EE-B819662357FB}.Debug|Any CPU.Build.0 = Debug|Any CPU
		{3A68BB92-6E21-4116-A1EE-B819662357FB}.Release|Any CPU.ActiveCfg = Release|Any CPU
		{3A68BB92-6E21-4116-A1EE-B819662357FB}.Release|Any CPU.Build.0 = Release|Any CPU
		{99E8BB0B-A38F-44BE-9E2B-983FB0B611AF}.Debug|Any CPU.ActiveCfg = Debug|Any CPU
		{99E8BB0B-A38F-44BE-9E2B-983FB0B611AF}.Debug|Any CPU.Build.0 = Debug|Any CPU
		{99E8BB0B-A38F-44BE-9E2B-983FB0B611AF}.Release|Any CPU.ActiveCfg = Release|Any CPU
		{99E8BB0B-A38F-44BE-9E2B-983FB0B611AF}.Release|Any CPU.Build.0 = Release|Any CPU
	EndGlobalSection
	GlobalSection(SolutionProperties) = preSolution
		HideSolutionNode = FALSE
	EndGlobalSection
	GlobalSection(ExtensibilityGlobals) = postSolution
		SolutionGuid = {304D5AA8-EF03-4F85-815C-3DD01F8CACAE}
	EndGlobalSection
EndGlobal
